
Microsoft Visual Studio Solution File, Format Version 12.00
# Visual Studio Version 17
VisualStudioVersion = 17.4.33213.308
MinimumVisualStudioVersion = 10.0.40219.1
Project("{9A19103F-16F7-4668-BE54-9A1E7A4F7556}") = "Rabbit.Publisher.Api", "Rabbit.Publisher.Api\Rabbit.Publisher.Api.csproj", "{9DCEC5DF-880E-4DF4-84CE-D4223E183350}"
EndProject
Project("{9A19103F-16F7-4668-BE54-9A1E7A4F7556}") = "Rabbit.Consumer", "Rabbit.Consume\Rabbit.Consumer.csproj", "{6FAA8EB7-FA23-485E-8C3B-FA2A9ECBF4A8}"
EndProject
Project("{9A19103F-16F7-4668-BE54-9A1E7A4F7556}") = "Rabbit.Services", "Rabbit.Services\Rabbit.Services.csproj", "{E292BDEC-F754-4E50-939D-9BB6B9546FB7}"
EndProject
Project("{9A19103F-16F7-4668-BE54-9A1E7A4F7556}") = "Rabbit.Repositories", "Rabbit.Repositories\Rabbit.Repositories.csproj", "{83C426F2-386E-45EC-9E0C-F752D84746B8}"
EndProject
Project("{FAE04EC0-301F-11D3-BF4B-00C04F79EFBC}") = "Rabbit.Models", "Rabbit.Models\Rabbit.Models.csproj", "{9FDB3644-930C-4C9C-94CA-1C57FE8E0746}"
EndProject
Global
	GlobalSection(SolutionConfigurationPlatforms) = preSolution
		Debug|Any CPU = Debug|Any CPU
		Release|Any CPU = Release|Any CPU
	EndGlobalSection
	GlobalSection(ProjectConfigurationPlatforms) = postSolution
		{9DCEC5DF-880E-4DF4-84CE-D4223E183350}.Debug|Any CPU.ActiveCfg = Debug|Any CPU
		{9DCEC5DF-880E-4DF4-84CE-D4223E183350}.Debug|Any CPU.Build.0 = Debug|Any CPU
		{9DCEC5DF-880E-4DF4-84CE-D4223E183350}.Release|Any CPU.ActiveCfg = Release|Any CPU
		{9DCEC5DF-880E-4DF4-84CE-D4223E183350}.Release|Any CPU.Build.0 = Release|Any CPU
		{6FAA8EB7-FA23-485E-8C3B-FA2A9ECBF4A8}.Debug|Any CPU.ActiveCfg = Debug|Any CPU
		{6FAA8EB7-FA23-485E-8C3B-FA2A9ECBF4A8}.Debug|Any CPU.Build.0 = Debug|Any CPU
		{6FAA8EB7-FA23-485E-8C3B-FA2A9ECBF4A8}.Release|Any CPU.ActiveCfg = Release|Any CPU
		{6FAA8EB7-FA23-485E-8C3B-FA2A9ECBF4A8}.Release|Any CPU.Build.0 = Release|Any CPU
		{E292BDEC-F754-4E50-939D-9BB6B9546FB7}.Debug|Any CPU.ActiveCfg = Debug|Any CPU
		{E292BDEC-F754-4E50-939D-9BB6B9546FB7}.Debug|Any CPU.Build.0 = Debug|Any CPU
		{E292BDEC-F754-4E50-939D-9BB6B9546FB7}.Release|Any CPU.ActiveCfg = Release|Any CPU
		{E292BDEC-F754-4E50-939D-9BB6B9546FB7}.Release|Any CPU.Build.0 = Release|Any CPU
		{83C426F2-386E-45EC-9E0C-F752D84746B8}.Debug|Any CPU.ActiveCfg = Debug|Any CPU
		{83C426F2-386E-45EC-9E0C-F752D84746B8}.Debug|Any CPU.Build.0 = Debug|Any CPU
		{83C426F2-386E-45EC-9E0C-F752D84746B8}.Release|Any CPU.ActiveCfg = Release|Any CPU
		{83C426F2-386E-45EC-9E0C-F752D84746B8}.Release|Any CPU.Build.0 = Release|Any CPU
		{9FDB3644-930C-4C9C-94CA-1C57FE8E0746}.Debug|Any CPU.ActiveCfg = Debug|Any CPU
		{9FDB3644-930C-4C9C-94CA-1C57FE8E0746}.Debug|Any CPU.Build.0 = Debug|Any CPU
		{9FDB3644-930C-4C9C-94CA-1C57FE8E0746}.Release|Any CPU.ActiveCfg = Release|Any CPU
		{9FDB3644-930C-4C9C-94CA-1C57FE8E0746}.Release|Any CPU.Build.0 = Release|Any CPU
	EndGlobalSection
	GlobalSection(SolutionProperties) = preSolution
		HideSolutionNode = FALSE
	EndGlobalSection
	GlobalSection(ExtensibilityGlobals) = postSolution
		SolutionGuid = {AC8B090F-4B63-460F-BC4D-6B05965F17F0}
	EndGlobalSection
EndGlobal
